
Microsoft Visual Studio Solution File, Format Version 12.00
# Visual Studio 14
VisualStudioVersion = 14.0.25420.1
MinimumVisualStudioVersion = 10.0.40219.1
Project("{FAE04EC0-301F-11D3-BF4B-00C04F79EFBC}") = "CalculatorExercise01", "CalculatorExercise01\CalculatorExercise01.csproj", "{98D343B7-AB07-43AF-9208-B84C6541CD34}"
EndProject
Project("{FAE04EC0-301F-11D3-BF4B-00C04F79EFBC}") = "CalculatorExercise01Tests", "CalculatorExercise01Tests\CalculatorExercise01Tests.csproj", "{1F094F54-465F-4CEC-8E8D-AAC390BFE0BD}"
EndProject
Global
	GlobalSection(SolutionConfigurationPlatforms) = preSolution
		Debug|Any CPU = Debug|Any CPU
		Release|Any CPU = Release|Any CPU
	EndGlobalSection
	GlobalSection(ProjectConfigurationPlatforms) = postSolution
		{98D343B7-AB07-43AF-9208-B84C6541CD34}.Debug|Any CPU.ActiveCfg = Debug|Any CPU
		{98D343B7-AB07-43AF-9208-B84C6541CD34}.Debug|Any CPU.Build.0 = Debug|Any CPU
		{98D343B7-AB07-43AF-9208-B84C6541CD34}.Release|Any CPU.ActiveCfg = Release|Any CPU
		{98D343B7-AB07-43AF-9208-B84C6541CD34}.Release|Any CPU.Build.0 = Release|Any CPU
		{1F094F54-465F-4CEC-8E8D-AAC390BFE0BD}.Debug|Any CPU.ActiveCfg = Debug|Any CPU
		{1F094F54-465F-4CEC-8E8D-AAC390BFE0BD}.Debug|Any CPU.Build.0 = Debug|Any CPU
		{1F094F54-465F-4CEC-8E8D-AAC390BFE0BD}.Release|Any CPU.ActiveCfg = Release|Any CPU
		{1F094F54-465F-4CEC-8E8D-AAC390BFE0BD}.Release|Any CPU.Build.0 = Release|Any CPU
	EndGlobalSection
	GlobalSection(SolutionProperties) = preSolution
		HideSolutionNode = FALSE
	EndGlobalSection
EndGlobal
